
Microsoft Visual Studio Solution File, Format Version 12.00
# Visual Studio Version 16
VisualStudioVersion = 16.0.31424.327
MinimumVisualStudioVersion = 10.0.40219.1
Project("{FAE04EC0-301F-11D3-BF4B-00C04F79EFBC}") = "rest", "rest\rest.csproj", "{A25DD6A6-3F7C-4CA8-B482-8F2074C6A9CD}"
EndProject
Global
	GlobalSection(SolutionConfigurationPlatforms) = preSolution
		Debug|Any CPU = Debug|Any CPU
		Release|Any CPU = Release|Any CPU
	EndGlobalSection
	GlobalSection(ProjectConfigurationPlatforms) = postSolution
		{A25DD6A6-3F7C-4CA8-B482-8F2074C6A9CD}.Debug|Any CPU.ActiveCfg = Debug|Any CPU
		{A25DD6A6-3F7C-4CA8-B482-8F2074C6A9CD}.Debug|Any CPU.Build.0 = Debug|Any CPU
		{A25DD6A6-3F7C-4CA8-B482-8F2074C6A9CD}.Release|Any CPU.ActiveCfg = Release|Any CPU
		{A25DD6A6-3F7C-4CA8-B482-8F2074C6A9CD}.Release|Any CPU.Build.0 = Release|Any CPU
	EndGlobalSection
	GlobalSection(SolutionProperties) = preSolution
		HideSolutionNode = FALSE
	EndGlobalSection
	GlobalSection(ExtensibilityGlobals) = postSolution
		SolutionGuid = {39B8A210-7BC9-46C8-AF28-872F7CC65AB8}
	EndGlobalSection
EndGlobal
